
Microsoft Visual Studio Solution File, Format Version 12.00
# Visual Studio Version 17
VisualStudioVersion = 17.5.33502.453
MinimumVisualStudioVersion = 10.0.40219.1
Project("{FAE04EC0-301F-11D3-BF4B-00C04F79EFBC}") = "firstproject", "firstproject\firstproject.csproj", "{4AF18EBD-612A-4CBC-BBA7-0922AD523689}"
EndProject
Global
	GlobalSection(SolutionConfigurationPlatforms) = preSolution
		Debug|Any CPU = Debug|Any CPU
		Release|Any CPU = Release|Any CPU
	EndGlobalSection
	GlobalSection(ProjectConfigurationPlatforms) = postSolution
		{4AF18EBD-612A-4CBC-BBA7-0922AD523689}.Debug|Any CPU.ActiveCfg = Debug|Any CPU
		{4AF18EBD-612A-4CBC-BBA7-0922AD523689}.Debug|Any CPU.Build.0 = Debug|Any CPU
		{4AF18EBD-612A-4CBC-BBA7-0922AD523689}.Release|Any CPU.ActiveCfg = Release|Any CPU
		{4AF18EBD-612A-4CBC-BBA7-0922AD523689}.Release|Any CPU.Build.0 = Release|Any CPU
	EndGlobalSection
	GlobalSection(SolutionProperties) = preSolution
		HideSolutionNode = FALSE
	EndGlobalSection
	GlobalSection(ExtensibilityGlobals) = postSolution
		SolutionGuid = {A8F9DE7E-F7D4-4DC0-8E7F-C01AB4BE6182}
	EndGlobalSection
EndGlobal
